
Microsoft Visual Studio Solution File, Format Version 12.00
# Visual Studio Version 16
VisualStudioVersion = 16.0.30320.27
MinimumVisualStudioVersion = 10.0.40219.1
Project("{2150E333-8FDC-42A3-9474-1A3956D46DE8}") = "Common", "Common", "{04BA79F6-D140-4F70-BC49-ADEAAD2F69A9}"
EndProject
Project("{2150E333-8FDC-42A3-9474-1A3956D46DE8}") = "Article", "Article", "{81F2B40B-7981-42D8-81DD-6C2B53D2D81C}"
EndProject
Project("{9A19103F-16F7-4668-BE54-9A1E7A4F7556}") = "Common.Application", "Common\Common.Application\Common.Application.csproj", "{6DBB13D0-578B-4917-B9D9-D43C0B917FD9}"
EndProject
Project("{9A19103F-16F7-4668-BE54-9A1E7A4F7556}") = "Common.Domain", "Common\Common.Domain\Common.Domain.csproj", "{5D6FEAF6-D74F-4CC9-928E-96D618E0E8EB}"
EndProject
Project("{9A19103F-16F7-4668-BE54-9A1E7A4F7556}") = "Common.Infrastructure", "Common\Common.Infrastructure\Common.Infrastructure.csproj", "{60D5178E-E2E8-40C5-9808-3C7236A310C1}"
EndProject
Project("{9A19103F-16F7-4668-BE54-9A1E7A4F7556}") = "Article.Application", "Article\Article.Application\Article.Application.csproj", "{4C4ED5F3-252C-4D6D-A79D-E09D2A9F14A1}"
EndProject
Project("{9A19103F-16F7-4668-BE54-9A1E7A4F7556}") = "Article.Domain", "Article\Article.Domain\Article.Domain.csproj", "{0C46AABA-A975-450C-8F1F-A7B320EF7E25}"
EndProject
Project("{9A19103F-16F7-4668-BE54-9A1E7A4F7556}") = "Article.Infrastructure", "Article\Article.Infrastructure\Article.Infrastructure.csproj", "{FBBC7780-CE2B-4759-BC94-46827D296E28}"
EndProject
Project("{2150E333-8FDC-42A3-9474-1A3956D46DE8}") = "Core", "Core", "{5E70F92A-CF6D-4B9B-BB2C-FFEE9152A21F}"
EndProject
Project("{9A19103F-16F7-4668-BE54-9A1E7A4F7556}") = "Core.Application", "Core\Core.Application\Core.Application.csproj", "{B30FA795-7AC1-49DC-81F2-B23BD186F6D9}"
EndProject
Project("{9A19103F-16F7-4668-BE54-9A1E7A4F7556}") = "Core.Infrastructure", "Core\Core.Infrastructure\Core.Infrastructure.csproj", "{3759ABDE-72C3-4EF6-962B-229F93781538}"
EndProject
Project("{9A19103F-16F7-4668-BE54-9A1E7A4F7556}") = "Core.Domain", "Core\Core.Domain\Core.Domain.csproj", "{30A699D4-927B-42F0-992A-ABD517C17291}"
EndProject
Project("{9A19103F-16F7-4668-BE54-9A1E7A4F7556}") = "Core.Startup", "Core\Core.Startup\Core.Startup.csproj", "{31F386A1-2C4F-4164-984F-47ED4019CBA6}"
EndProject
Project("{2150E333-8FDC-42A3-9474-1A3956D46DE8}") = "Admin", "Admin", "{BE30A8CB-5C20-4630-AA6F-5FA8E345DF47}"
EndProject
Project("{9A19103F-16F7-4668-BE54-9A1E7A4F7556}") = "Admin.Infrastructure", "Admin\Admin.Infrastructure\Admin.Infrastructure.csproj", "{9C716BDF-9452-400A-9977-7766628189B8}"
EndProject
Project("{9A19103F-16F7-4668-BE54-9A1E7A4F7556}") = "Admin.Domain", "Admin\Admin.Domain\Admin.Domain.csproj", "{DA75C42D-A235-4BDC-BD35-6BD3942DB887}"
EndProject
Project("{9A19103F-16F7-4668-BE54-9A1E7A4F7556}") = "Admin.Application", "Admin\Admin.Application\Admin.Application.csproj", "{10CF0639-B9D9-4DB8-B8BA-D65DD1CC9DCE}"
EndProject
Project("{2150E333-8FDC-42A3-9474-1A3956D46DE8}") = "Statistics", "Statistics", "{67BA60CF-B530-4818-9A41-33866E8824DE}"
EndProject
Project("{9A19103F-16F7-4668-BE54-9A1E7A4F7556}") = "Statistics.Infrastructure", "Statistics\Statistics.Infrastructure\Statistics.Infrastructure.csproj", "{FED433C0-9633-4E36-B775-ACD1545A9F7E}"
EndProject
Project("{FAE04EC0-301F-11D3-BF4B-00C04F79EFBC}") = "Statistics.Domain", "Statistics.Domain\Statistics.Domain.csproj", "{8C9EEFF9-3E79-43AE-AECA-28CF43174C15}"
EndProject
Project("{FAE04EC0-301F-11D3-BF4B-00C04F79EFBC}") = "Statistics.Application", "Statistics\Statistics.Application\Statistics.Application.csproj", "{00B8496F-B615-4A50-9243-E11EC3DA1BC5}"
EndProject
Project("{FAE04EC0-301F-11D3-BF4B-00C04F79EFBC}") = "Core.Web", "Core\Core.Web\Core.Web.csproj", "{6383B882-174C-44B8-B1C2-F2D9DA19121A}"
EndProject
Global
	GlobalSection(SolutionConfigurationPlatforms) = preSolution
		Debug|Any CPU = Debug|Any CPU
		Release|Any CPU = Release|Any CPU
	EndGlobalSection
	GlobalSection(ProjectConfigurationPlatforms) = postSolution
		{6DBB13D0-578B-4917-B9D9-D43C0B917FD9}.Debug|Any CPU.ActiveCfg = Debug|Any CPU
		{6DBB13D0-578B-4917-B9D9-D43C0B917FD9}.Debug|Any CPU.Build.0 = Debug|Any CPU
		{6DBB13D0-578B-4917-B9D9-D43C0B917FD9}.Release|Any CPU.ActiveCfg = Release|Any CPU
		{6DBB13D0-578B-4917-B9D9-D43C0B917FD9}.Release|Any CPU.Build.0 = Release|Any CPU
		{5D6FEAF6-D74F-4CC9-928E-96D618E0E8EB}.Debug|Any CPU.ActiveCfg = Debug|Any CPU
		{5D6FEAF6-D74F-4CC9-928E-96D618E0E8EB}.Debug|Any CPU.Build.0 = Debug|Any CPU
		{5D6FEAF6-D74F-4CC9-928E-96D618E0E8EB}.Release|Any CPU.ActiveCfg = Release|Any CPU
		{5D6FEAF6-D74F-4CC9-928E-96D618E0E8EB}.Release|Any CPU.Build.0 = Release|Any CPU
		{60D5178E-E2E8-40C5-9808-3C7236A310C1}.Debug|Any CPU.ActiveCfg = Debug|Any CPU
		{60D5178E-E2E8-40C5-9808-3C7236A310C1}.Debug|Any CPU.Build.0 = Debug|Any CPU
		{60D5178E-E2E8-40C5-9808-3C7236A310C1}.Release|Any CPU.ActiveCfg = Release|Any CPU
		{60D5178E-E2E8-40C5-9808-3C7236A310C1}.Release|Any CPU.Build.0 = Release|Any CPU
		{4C4ED5F3-252C-4D6D-A79D-E09D2A9F14A1}.Debug|Any CPU.ActiveCfg = Debug|Any CPU
		{4C4ED5F3-252C-4D6D-A79D-E09D2A9F14A1}.Debug|Any CPU.Build.0 = Debug|Any CPU
		{4C4ED5F3-252C-4D6D-A79D-E09D2A9F14A1}.Release|Any CPU.ActiveCfg = Release|Any CPU
		{4C4ED5F3-252C-4D6D-A79D-E09D2A9F14A1}.Release|Any CPU.Build.0 = Release|Any CPU
		{0C46AABA-A975-450C-8F1F-A7B320EF7E25}.Debug|Any CPU.ActiveCfg = Debug|Any CPU
		{0C46AABA-A975-450C-8F1F-A7B320EF7E25}.Debug|Any CPU.Build.0 = Debug|Any CPU
		{0C46AABA-A975-450C-8F1F-A7B320EF7E25}.Release|Any CPU.ActiveCfg = Release|Any CPU
		{0C46AABA-A975-450C-8F1F-A7B320EF7E25}.Release|Any CPU.Build.0 = Release|Any CPU
		{FBBC7780-CE2B-4759-BC94-46827D296E28}.Debug|Any CPU.ActiveCfg = Debug|Any CPU
		{FBBC7780-CE2B-4759-BC94-46827D296E28}.Debug|Any CPU.Build.0 = Debug|Any CPU
		{FBBC7780-CE2B-4759-BC94-46827D296E28}.Release|Any CPU.ActiveCfg = Release|Any CPU
		{FBBC7780-CE2B-4759-BC94-46827D296E28}.Release|Any CPU.Build.0 = Release|Any CPU
		{B30FA795-7AC1-49DC-81F2-B23BD186F6D9}.Debug|Any CPU.ActiveCfg = Debug|Any CPU
		{B30FA795-7AC1-49DC-81F2-B23BD186F6D9}.Debug|Any CPU.Build.0 = Debug|Any CPU
		{B30FA795-7AC1-49DC-81F2-B23BD186F6D9}.Release|Any CPU.ActiveCfg = Release|Any CPU
		{B30FA795-7AC1-49DC-81F2-B23BD186F6D9}.Release|Any CPU.Build.0 = Release|Any CPU
		{3759ABDE-72C3-4EF6-962B-229F93781538}.Debug|Any CPU.ActiveCfg = Debug|Any CPU
		{3759ABDE-72C3-4EF6-962B-229F93781538}.Debug|Any CPU.Build.0 = Debug|Any CPU
		{3759ABDE-72C3-4EF6-962B-229F93781538}.Release|Any CPU.ActiveCfg = Release|Any CPU
		{3759ABDE-72C3-4EF6-962B-229F93781538}.Release|Any CPU.Build.0 = Release|Any CPU
		{30A699D4-927B-42F0-992A-ABD517C17291}.Debug|Any CPU.ActiveCfg = Debug|Any CPU
		{30A699D4-927B-42F0-992A-ABD517C17291}.Debug|Any CPU.Build.0 = Debug|Any CPU
		{30A699D4-927B-42F0-992A-ABD517C17291}.Release|Any CPU.ActiveCfg = Release|Any CPU
		{30A699D4-927B-42F0-992A-ABD517C17291}.Release|Any CPU.Build.0 = Release|Any CPU
		{31F386A1-2C4F-4164-984F-47ED4019CBA6}.Debug|Any CPU.ActiveCfg = Debug|Any CPU
		{31F386A1-2C4F-4164-984F-47ED4019CBA6}.Debug|Any CPU.Build.0 = Debug|Any CPU
		{31F386A1-2C4F-4164-984F-47ED4019CBA6}.Release|Any CPU.ActiveCfg = Release|Any CPU
		{31F386A1-2C4F-4164-984F-47ED4019CBA6}.Release|Any CPU.Build.0 = Release|Any CPU
		{9C716BDF-9452-400A-9977-7766628189B8}.Debug|Any CPU.ActiveCfg = Debug|Any CPU
		{9C716BDF-9452-400A-9977-7766628189B8}.Debug|Any CPU.Build.0 = Debug|Any CPU
		{9C716BDF-9452-400A-9977-7766628189B8}.Release|Any CPU.ActiveCfg = Release|Any CPU
		{9C716BDF-9452-400A-9977-7766628189B8}.Release|Any CPU.Build.0 = Release|Any CPU
		{DA75C42D-A235-4BDC-BD35-6BD3942DB887}.Debug|Any CPU.ActiveCfg = Debug|Any CPU
		{DA75C42D-A235-4BDC-BD35-6BD3942DB887}.Debug|Any CPU.Build.0 = Debug|Any CPU
		{DA75C42D-A235-4BDC-BD35-6BD3942DB887}.Release|Any CPU.ActiveCfg = Release|Any CPU
		{DA75C42D-A235-4BDC-BD35-6BD3942DB887}.Release|Any CPU.Build.0 = Release|Any CPU
		{10CF0639-B9D9-4DB8-B8BA-D65DD1CC9DCE}.Debug|Any CPU.ActiveCfg = Debug|Any CPU
		{10CF0639-B9D9-4DB8-B8BA-D65DD1CC9DCE}.Debug|Any CPU.Build.0 = Debug|Any CPU
		{10CF0639-B9D9-4DB8-B8BA-D65DD1CC9DCE}.Release|Any CPU.ActiveCfg = Release|Any CPU
		{10CF0639-B9D9-4DB8-B8BA-D65DD1CC9DCE}.Release|Any CPU.Build.0 = Release|Any CPU
		{FED433C0-9633-4E36-B775-ACD1545A9F7E}.Debug|Any CPU.ActiveCfg = Debug|Any CPU
		{FED433C0-9633-4E36-B775-ACD1545A9F7E}.Debug|Any CPU.Build.0 = Debug|Any CPU
		{FED433C0-9633-4E36-B775-ACD1545A9F7E}.Release|Any CPU.ActiveCfg = Release|Any CPU
		{FED433C0-9633-4E36-B775-ACD1545A9F7E}.Release|Any CPU.Build.0 = Release|Any CPU
		{8C9EEFF9-3E79-43AE-AECA-28CF43174C15}.Debug|Any CPU.ActiveCfg = Debug|Any CPU
		{8C9EEFF9-3E79-43AE-AECA-28CF43174C15}.Debug|Any CPU.Build.0 = Debug|Any CPU
		{8C9EEFF9-3E79-43AE-AECA-28CF43174C15}.Release|Any CPU.ActiveCfg = Release|Any CPU
		{8C9EEFF9-3E79-43AE-AECA-28CF43174C15}.Release|Any CPU.Build.0 = Release|Any CPU
		{00B8496F-B615-4A50-9243-E11EC3DA1BC5}.Debug|Any CPU.ActiveCfg = Debug|Any CPU
		{00B8496F-B615-4A50-9243-E11EC3DA1BC5}.Debug|Any CPU.Build.0 = Debug|Any CPU
		{00B8496F-B615-4A50-9243-E11EC3DA1BC5}.Release|Any CPU.ActiveCfg = Release|Any CPU
		{00B8496F-B615-4A50-9243-E11EC3DA1BC5}.Release|Any CPU.Build.0 = Release|Any CPU
		{6383B882-174C-44B8-B1C2-F2D9DA19121A}.Debug|Any CPU.ActiveCfg = Debug|Any CPU
		{6383B882-174C-44B8-B1C2-F2D9DA19121A}.Debug|Any CPU.Build.0 = Debug|Any CPU
		{6383B882-174C-44B8-B1C2-F2D9DA19121A}.Release|Any CPU.ActiveCfg = Release|Any CPU
		{6383B882-174C-44B8-B1C2-F2D9DA19121A}.Release|Any CPU.Build.0 = Release|Any CPU
	EndGlobalSection
	GlobalSection(SolutionProperties) = preSolution
		HideSolutionNode = FALSE
	EndGlobalSection
	GlobalSection(NestedProjects) = preSolution
		{6DBB13D0-578B-4917-B9D9-D43C0B917FD9} = {04BA79F6-D140-4F70-BC49-ADEAAD2F69A9}
		{5D6FEAF6-D74F-4CC9-928E-96D618E0E8EB} = {04BA79F6-D140-4F70-BC49-ADEAAD2F69A9}
		{60D5178E-E2E8-40C5-9808-3C7236A310C1} = {04BA79F6-D140-4F70-BC49-ADEAAD2F69A9}
		{4C4ED5F3-252C-4D6D-A79D-E09D2A9F14A1} = {81F2B40B-7981-42D8-81DD-6C2B53D2D81C}
		{0C46AABA-A975-450C-8F1F-A7B320EF7E25} = {81F2B40B-7981-42D8-81DD-6C2B53D2D81C}
		{FBBC7780-CE2B-4759-BC94-46827D296E28} = {81F2B40B-7981-42D8-81DD-6C2B53D2D81C}
		{B30FA795-7AC1-49DC-81F2-B23BD186F6D9} = {5E70F92A-CF6D-4B9B-BB2C-FFEE9152A21F}
		{3759ABDE-72C3-4EF6-962B-229F93781538} = {5E70F92A-CF6D-4B9B-BB2C-FFEE9152A21F}
		{30A699D4-927B-42F0-992A-ABD517C17291} = {5E70F92A-CF6D-4B9B-BB2C-FFEE9152A21F}
		{31F386A1-2C4F-4164-984F-47ED4019CBA6} = {5E70F92A-CF6D-4B9B-BB2C-FFEE9152A21F}
		{9C716BDF-9452-400A-9977-7766628189B8} = {BE30A8CB-5C20-4630-AA6F-5FA8E345DF47}
		{DA75C42D-A235-4BDC-BD35-6BD3942DB887} = {BE30A8CB-5C20-4630-AA6F-5FA8E345DF47}
		{10CF0639-B9D9-4DB8-B8BA-D65DD1CC9DCE} = {BE30A8CB-5C20-4630-AA6F-5FA8E345DF47}
		{FED433C0-9633-4E36-B775-ACD1545A9F7E} = {67BA60CF-B530-4818-9A41-33866E8824DE}
		{8C9EEFF9-3E79-43AE-AECA-28CF43174C15} = {67BA60CF-B530-4818-9A41-33866E8824DE}
		{00B8496F-B615-4A50-9243-E11EC3DA1BC5} = {67BA60CF-B530-4818-9A41-33866E8824DE}
		{6383B882-174C-44B8-B1C2-F2D9DA19121A} = {5E70F92A-CF6D-4B9B-BB2C-FFEE9152A21F}
	EndGlobalSection
	GlobalSection(ExtensibilityGlobals) = postSolution
		SolutionGuid = {C0E92E7A-C91E-48C7-8614-FD4066E9F755}
	EndGlobalSection
EndGlobal
